// !$*UTF8*$!
{
	archiveVersion = 1;
	classes = {
	};
	objectVersion = 51;
	objects = {

/* Begin PBXBuildFile section */
		22CF63DB92EF93AF5A092077 /* Pods_getThingsDone.framework in Frameworks */ = {isa = PBXBuildFile; fileRef = 6B1FD624D9D0BF63A1538B08 /* Pods_getThingsDone.framework */; };
		48A78525267996E60080B2A6 /* AppDelegate.swift in Sources */ = {isa = PBXBuildFile; fileRef = 48A78524267996E60080B2A6 /* AppDelegate.swift */; };
		48A78527267996E60080B2A6 /* SceneDelegate.swift in Sources */ = {isa = PBXBuildFile; fileRef = 48A78526267996E60080B2A6 /* SceneDelegate.swift */; };
		48A7852C267996E60080B2A6 /* Main.storyboard in Resources */ = {isa = PBXBuildFile; fileRef = 48A7852A267996E60080B2A6 /* Main.storyboard */; };
		48A7852E267996E60080B2A6 /* Assets.xcassets in Resources */ = {isa = PBXBuildFile; fileRef = 48A7852D267996E60080B2A6 /* Assets.xcassets */; };
		48A78531267996E60080B2A6 /* LaunchScreen.storyboard in Resources */ = {isa = PBXBuildFile; fileRef = 48A7852F267996E60080B2A6 /* LaunchScreen.storyboard */; };
		48A78539267997DC0080B2A6 /* GoogleService-Info.plist in Resources */ = {isa = PBXBuildFile; fileRef = 48A78538267997DC0080B2A6 /* GoogleService-Info.plist */; };
		D8CFB34B26893CA50017754F /* HomeViewController.swift in Sources */ = {isa = PBXBuildFile; fileRef = D8CFB34926893CA50017754F /* HomeViewController.swift */; };
		D8CFB34C26893CA50017754F /* LogInViewController.swift in Sources */ = {isa = PBXBuildFile; fileRef = D8CFB34A26893CA50017754F /* LogInViewController.swift */; };
		D8CFB351268943970017754F /* InboxViewController.swift in Sources */ = {isa = PBXBuildFile; fileRef = D8CFB350268943970017754F /* InboxViewController.swift */; };
		D8CFB35426894CAE0017754F /* Inbox.swift in Sources */ = {isa = PBXBuildFile; fileRef = D8CFB35326894CAE0017754F /* Inbox.swift */; };
/* End PBXBuildFile section */

/* Begin PBXFileReference section */
		481A57F6267999CA001C9018 /* HomeViewController.swift */ = {isa = PBXFileReference; lastKnownFileType = sourcecode.swift; name = HomeViewController.swift; path = ViewControllers/HomeViewController.swift; sourceTree = "<group>"; };
		481A57F82679B48D001C9018 /* DesignableView.swift */ = {isa = PBXFileReference; lastKnownFileType = sourcecode.swift; name = DesignableView.swift; path = Utils/DesignableView.swift; sourceTree = "<group>"; };
		48A78521267996E60080B2A6 /* getThingsDone.app */ = {isa = PBXFileReference; explicitFileType = wrapper.application; includeInIndex = 0; path = getThingsDone.app; sourceTree = BUILT_PRODUCTS_DIR; };
		48A78524267996E60080B2A6 /* AppDelegate.swift */ = {isa = PBXFileReference; lastKnownFileType = sourcecode.swift; path = AppDelegate.swift; sourceTree = "<group>"; };
		48A78526267996E60080B2A6 /* SceneDelegate.swift */ = {isa = PBXFileReference; lastKnownFileType = sourcecode.swift; path = SceneDelegate.swift; sourceTree = "<group>"; };
		48A78528267996E60080B2A6 /* LogInViewController.swift */ = {isa = PBXFileReference; lastKnownFileType = sourcecode.swift; name = LogInViewController.swift; path = ViewControllers/LogInViewController.swift; sourceTree = "<group>"; };
		48A7852B267996E60080B2A6 /* Base */ = {isa = PBXFileReference; lastKnownFileType = file.storyboard; name = Base; path = Base.lproj/Main.storyboard; sourceTree = "<group>"; };
		48A7852D267996E60080B2A6 /* Assets.xcassets */ = {isa = PBXFileReference; lastKnownFileType = folder.assetcatalog; path = Assets.xcassets; sourceTree = "<group>"; };
		48A78530267996E60080B2A6 /* Base */ = {isa = PBXFileReference; lastKnownFileType = file.storyboard; name = Base; path = Base.lproj/LaunchScreen.storyboard; sourceTree = "<group>"; };
		48A78532267996E60080B2A6 /* Info.plist */ = {isa = PBXFileReference; lastKnownFileType = text.plist.xml; path = Info.plist; sourceTree = "<group>"; };
		48A78538267997DC0080B2A6 /* GoogleService-Info.plist */ = {isa = PBXFileReference; fileEncoding = 4; lastKnownFileType = text.plist.xml; path = "GoogleService-Info.plist"; sourceTree = "<group>"; };
		6B1FD624D9D0BF63A1538B08 /* Pods_getThingsDone.framework */ = {isa = PBXFileReference; explicitFileType = wrapper.framework; includeInIndex = 0; path = Pods_getThingsDone.framework; sourceTree = BUILT_PRODUCTS_DIR; };
		9C8AA9911CBEAAFFAC3A2876 /* Pods-getThingsDone.debug.xcconfig */ = {isa = PBXFileReference; includeInIndex = 1; lastKnownFileType = text.xcconfig; name = "Pods-getThingsDone.debug.xcconfig"; path = "Target Support Files/Pods-getThingsDone/Pods-getThingsDone.debug.xcconfig"; sourceTree = "<group>"; };
		D8CFB34926893CA50017754F /* HomeViewController.swift */ = {isa = PBXFileReference; fileEncoding = 4; lastKnownFileType = sourcecode.swift; name = HomeViewController.swift; path = getThingsDone/ViewControllers/HomeViewController.swift; sourceTree = SOURCE_ROOT; };
		D8CFB34A26893CA50017754F /* LogInViewController.swift */ = {isa = PBXFileReference; fileEncoding = 4; lastKnownFileType = sourcecode.swift; name = LogInViewController.swift; path = getThingsDone/ViewControllers/LogInViewController.swift; sourceTree = SOURCE_ROOT; };
		D8CFB350268943970017754F /* InboxViewController.swift */ = {isa = PBXFileReference; lastKnownFileType = sourcecode.swift; name = InboxViewController.swift; path = getThingsDone/Utils/InboxViewController.swift; sourceTree = SOURCE_ROOT; };
		D8CFB35326894CAE0017754F /* Inbox.swift */ = {isa = PBXFileReference; lastKnownFileType = sourcecode.swift; path = Inbox.swift; sourceTree = "<group>"; };
		EDEFF282AB3572A46AFFABD6 /* Pods-getThingsDone.release.xcconfig */ = {isa = PBXFileReference; includeInIndex = 1; lastKnownFileType = text.xcconfig; name = "Pods-getThingsDone.release.xcconfig"; path = "Target Support Files/Pods-getThingsDone/Pods-getThingsDone.release.xcconfig"; sourceTree = "<group>"; };
/* End PBXFileReference section */

/* Begin PBXFrameworksBuildPhase section */
		48A7851E267996E60080B2A6 /* Frameworks */ = {
			isa = PBXFrameworksBuildPhase;
			buildActionMask = 2147483647;
			files = (
				22CF63DB92EF93AF5A092077 /* Pods_getThingsDone.framework in Frameworks */,
			);
			runOnlyForDeploymentPostprocessing = 0;
		};
/* End PBXFrameworksBuildPhase section */

/* Begin PBXGroup section */
		46EDE6887A5F13AA91DEB457 /* Pods */ = {
			isa = PBXGroup;
			children = (
				9C8AA9911CBEAAFFAC3A2876 /* Pods-getThingsDone.debug.xcconfig */,
				EDEFF282AB3572A46AFFABD6 /* Pods-getThingsDone.release.xcconfig */,
			);
			path = Pods;
			sourceTree = "<group>";
		};
		481A57F52679994B001C9018 /* ViewController */ = {
			isa = PBXGroup;
			children = (
				D8CFB34926893CA50017754F /* HomeViewController.swift */,
				D8CFB34A26893CA50017754F /* LogInViewController.swift */,
				D8CFB350268943970017754F /* InboxViewController.swift */,
			);
			path = ViewController;
			sourceTree = "<group>";
		};
		48A78518267996E60080B2A6 = {
			isa = PBXGroup;
			children = (
				48A78523267996E60080B2A6 /* getThingsDone */,
				48A78522267996E60080B2A6 /* Products */,
				46EDE6887A5F13AA91DEB457 /* Pods */,
				BD32322CAFBC23483A9C5044 /* Frameworks */,
			);
			sourceTree = "<group>";
		};
		48A78522267996E60080B2A6 /* Products */ = {
			isa = PBXGroup;
			children = (
				48A78521267996E60080B2A6 /* getThingsDone.app */,
			);
			name = Products;
			sourceTree = "<group>";
		};
		48A78523267996E60080B2A6 /* getThingsDone */ = {
			isa = PBXGroup;
			children = (
				D8CFB35226894C510017754F /* Modelos */,
				481A57F52679994B001C9018 /* ViewController */,
				48A78538267997DC0080B2A6 /* GoogleService-Info.plist */,
				48A78524267996E60080B2A6 /* AppDelegate.swift */,
				48A78526267996E60080B2A6 /* SceneDelegate.swift */,
				48A7852A267996E60080B2A6 /* Main.storyboard */,
				48A7852D267996E60080B2A6 /* Assets.xcassets */,
				48A7852F267996E60080B2A6 /* LaunchScreen.storyboard */,
				48A78532267996E60080B2A6 /* Info.plist */,
			);
			path = getThingsDone;
			sourceTree = "<group>";
		};
		BD32322CAFBC23483A9C5044 /* Frameworks */ = {
			isa = PBXGroup;
			children = (
				6B1FD624D9D0BF63A1538B08 /* Pods_getThingsDone.framework */,
			);
			name = Frameworks;
			sourceTree = "<group>";
		};
		D8CFB35226894C510017754F /* Modelos */ = {
			isa = PBXGroup;
			children = (
				D8CFB35326894CAE0017754F /* Inbox.swift */,
			);
			path = Modelos;
			sourceTree = "<group>";
		};
/* End PBXGroup section */

/* Begin PBXNativeTarget section */
		48A78520267996E60080B2A6 /* getThingsDone */ = {
			isa = PBXNativeTarget;
			buildConfigurationList = 48A78535267996E60080B2A6 /* Build configuration list for PBXNativeTarget "getThingsDone" */;
			buildPhases = (
				C760133A0A9B21BE3BE90AA8 /* [CP] Check Pods Manifest.lock */,
				48A7851D267996E60080B2A6 /* Sources */,
				48A7851E267996E60080B2A6 /* Frameworks */,
				48A7851F267996E60080B2A6 /* Resources */,
				731FBD15C6CF8F64F07715F5 /* [CP] Embed Pods Frameworks */,
			);
			buildRules = (
			);
			dependencies = (
			);
			name = getThingsDone;
			productName = getThingsDone;
			productReference = 48A78521267996E60080B2A6 /* getThingsDone.app */;
			productType = "com.apple.product-type.application";
		};
/* End PBXNativeTarget section */

/* Begin PBXProject section */
		48A78519267996E60080B2A6 /* Project object */ = {
			isa = PBXProject;
			attributes = {
				LastSwiftUpdateCheck = 1130;
				LastUpgradeCheck = 1130;
				ORGANIZATIONNAME = deah;
				TargetAttributes = {
					48A78520267996E60080B2A6 = {
						CreatedOnToolsVersion = 11.3;
					};
				};
			};
			buildConfigurationList = 48A7851C267996E60080B2A6 /* Build configuration list for PBXProject "getThingsDone" */;
			compatibilityVersion = "Xcode 9.3";
			developmentRegion = en;
			hasScannedForEncodings = 0;
			knownRegions = (
				en,
				Base,
			);
			mainGroup = 48A78518267996E60080B2A6;
			productRefGroup = 48A78522267996E60080B2A6 /* Products */;
			projectDirPath = "";
			projectRoot = "";
			targets = (
				48A78520267996E60080B2A6 /* getThingsDone */,
			);
		};
/* End PBXProject section */

/* Begin PBXResourcesBuildPhase section */
		48A7851F267996E60080B2A6 /* Resources */ = {
			isa = PBXResourcesBuildPhase;
			buildActionMask = 2147483647;
			files = (
				48A78531267996E60080B2A6 /* LaunchScreen.storyboard in Resources */,
				48A78539267997DC0080B2A6 /* GoogleService-Info.plist in Resources */,
				48A7852E267996E60080B2A6 /* Assets.xcassets in Resources */,
				48A7852C267996E60080B2A6 /* Main.storyboard in Resources */,
			);
			runOnlyForDeploymentPostprocessing = 0;
		};
/* End PBXResourcesBuildPhase section */

/* Begin PBXShellScriptBuildPhase section */
		731FBD15C6CF8F64F07715F5 /* [CP] Embed Pods Frameworks */ = {
			isa = PBXShellScriptBuildPhase;
			buildActionMask = 2147483647;
			files = (
			);
			inputFileListPaths = (
				"${PODS_ROOT}/Target Support Files/Pods-getThingsDone/Pods-getThingsDone-frameworks-${CONFIGURATION}-input-files.xcfilelist",
			);
			name = "[CP] Embed Pods Frameworks";
			outputFileListPaths = (
				"${PODS_ROOT}/Target Support Files/Pods-getThingsDone/Pods-getThingsDone-frameworks-${CONFIGURATION}-output-files.xcfilelist",
			);
			runOnlyForDeploymentPostprocessing = 0;
			shellPath = /bin/sh;
			shellScript = "\"${PODS_ROOT}/Target Support Files/Pods-getThingsDone/Pods-getThingsDone-frameworks.sh\"\n";
			showEnvVarsInLog = 0;
		};
		C760133A0A9B21BE3BE90AA8 /* [CP] Check Pods Manifest.lock */ = {
			isa = PBXShellScriptBuildPhase;
			buildActionMask = 2147483647;
			files = (
			);
			inputFileListPaths = (
			);
			inputPaths = (
				"${PODS_PODFILE_DIR_PATH}/Podfile.lock",
				"${PODS_ROOT}/Manifest.lock",
			);
			name = "[CP] Check Pods Manifest.lock";
			outputFileListPaths = (
			);
			outputPaths = (
				"$(DERIVED_FILE_DIR)/Pods-getThingsDone-checkManifestLockResult.txt",
			);
			runOnlyForDeploymentPostprocessing = 0;
			shellPath = /bin/sh;
			shellScript = "diff \"${PODS_PODFILE_DIR_PATH}/Podfile.lock\" \"${PODS_ROOT}/Manifest.lock\" > /dev/null\nif [ $? != 0 ] ; then\n    # print error to STDERR\n    echo \"error: The sandbox is not in sync with the Podfile.lock. Run 'pod install' or update your CocoaPods installation.\" >&2\n    exit 1\nfi\n# This output is used by Xcode 'outputs' to avoid re-running this script phase.\necho \"SUCCESS\" > \"${SCRIPT_OUTPUT_FILE_0}\"\n";
			showEnvVarsInLog = 0;
		};
/* End PBXShellScriptBuildPhase section */

/* Begin PBXSourcesBuildPhase section */
		48A7851D267996E60080B2A6 /* Sources */ = {
			isa = PBXSourcesBuildPhase;
			buildActionMask = 2147483647;
			files = (
				D8CFB35426894CAE0017754F /* Inbox.swift in Sources */,
				D8CFB351268943970017754F /* InboxViewController.swift in Sources */,
				48A78525267996E60080B2A6 /* AppDelegate.swift in Sources */,
				48A78527267996E60080B2A6 /* SceneDelegate.swift in Sources */,
				D8CFB34C26893CA50017754F /* LogInViewController.swift in Sources */,
				D8CFB34B26893CA50017754F /* HomeViewController.swift in Sources */,
			);
			runOnlyForDeploymentPostprocessing = 0;
		};
/* End PBXSourcesBuildPhase section */

/* Begin PBXVariantGroup section */
		48A7852A267996E60080B2A6 /* Main.storyboard */ = {
			isa = PBXVariantGroup;
			children = (
				48A7852B267996E60080B2A6 /* Base */,
			);
			name = Main.storyboard;
			sourceTree = "<group>";
		};
		48A7852F267996E60080B2A6 /* LaunchScreen.storyboard */ = {
			isa = PBXVariantGroup;
			children = (
				48A78530267996E60080B2A6 /* Base */,
			);
			name = LaunchScreen.storyboard;
			sourceTree = "<group>";
		};
/* End PBXVariantGroup section */

/* Begin XCBuildConfiguration section */
		48A78533267996E60080B2A6 /* Debug */ = {
			isa = XCBuildConfiguration;
			buildSettings = {
				ALWAYS_SEARCH_USER_PATHS = NO;
				CLANG_ANALYZER_NONNULL = YES;
				CLANG_ANALYZER_NUMBER_OBJECT_CONVERSION = YES_AGGRESSIVE;
				CLANG_CXX_LANGUAGE_STANDARD = "gnu++14";
				CLANG_CXX_LIBRARY = "libc++";
				CLANG_ENABLE_MODULES = YES;
				CLANG_ENABLE_OBJC_ARC = YES;
				CLANG_ENABLE_OBJC_WEAK = YES;
				CLANG_WARN_BLOCK_CAPTURE_AUTORELEASING = YES;
				CLANG_WARN_BOOL_CONVERSION = YES;
				CLANG_WARN_COMMA = YES;
				CLANG_WARN_CONSTANT_CONVERSION = YES;
				CLANG_WARN_DEPRECATED_OBJC_IMPLEMENTATIONS = YES;
				CLANG_WARN_DIRECT_OBJC_ISA_USAGE = YES_ERROR;
				CLANG_WARN_DOCUMENTATION_COMMENTS = YES;
				CLANG_WARN_EMPTY_BODY = YES;
				CLANG_WARN_ENUM_CONVERSION = YES;
				CLANG_WARN_INFINITE_RECURSION = YES;
				CLANG_WARN_INT_CONVERSION = YES;
				CLANG_WARN_NON_LITERAL_NULL_CONVERSION = YES;
				CLANG_WARN_OBJC_IMPLICIT_RETAIN_SELF = YES;
				CLANG_WARN_OBJC_LITERAL_CONVERSION = YES;
				CLANG_WARN_OBJC_ROOT_CLASS = YES_ERROR;
				CLANG_WARN_RANGE_LOOP_ANALYSIS = YES;
				CLANG_WARN_STRICT_PROTOTYPES = YES;
				CLANG_WARN_SUSPICIOUS_MOVE = YES;
				CLANG_WARN_UNGUARDED_AVAILABILITY = YES_AGGRESSIVE;
				CLANG_WARN_UNREACHABLE_CODE = YES;
				CLANG_WARN__DUPLICATE_METHOD_MATCH = YES;
				COPY_PHASE_STRIP = NO;
				DEBUG_INFORMATION_FORMAT = dwarf;
				ENABLE_STRICT_OBJC_MSGSEND = YES;
				ENABLE_TESTABILITY = YES;
				GCC_C_LANGUAGE_STANDARD = gnu11;
				GCC_DYNAMIC_NO_PIC = NO;
				GCC_NO_COMMON_BLOCKS = YES;
				GCC_OPTIMIZATION_LEVEL = 0;
				GCC_PREPROCESSOR_DEFINITIONS = (
					"DEBUG=1",
					"$(inherited)",
				);
				GCC_WARN_64_TO_32_BIT_CONVERSION = YES;
				GCC_WARN_ABOUT_RETURN_TYPE = YES_ERROR;
				GCC_WARN_UNDECLARED_SELECTOR = YES;
				GCC_WARN_UNINITIALIZED_AUTOS = YES_AGGRESSIVE;
				GCC_WARN_UNUSED_FUNCTION = YES;
				GCC_WARN_UNUSED_VARIABLE = YES;
				IPHONEOS_DEPLOYMENT_TARGET = 13.2;
				MTL_ENABLE_DEBUG_INFO = INCLUDE_SOURCE;
				MTL_FAST_MATH = YES;
				ONLY_ACTIVE_ARCH = YES;
				SDKROOT = iphoneos;
				SWIFT_ACTIVE_COMPILATION_CONDITIONS = DEBUG;
				SWIFT_OPTIMIZATION_LEVEL = "-Onone";
			};
			name = Debug;
		};
		48A78534267996E60080B2A6 /* Release */ = {
			isa = XCBuildConfiguration;
			buildSettings = {
				ALWAYS_SEARCH_USER_PATHS = NO;
				CLANG_ANALYZER_NONNULL = YES;
				CLANG_ANALYZER_NUMBER_OBJECT_CONVERSION = YES_AGGRESSIVE;
				CLANG_CXX_LANGUAGE_STANDARD = "gnu++14";
				CLANG_CXX_LIBRARY = "libc++";
				CLANG_ENABLE_MODULES = YES;
				CLANG_ENABLE_OBJC_ARC = YES;
				CLANG_ENABLE_OBJC_WEAK = YES;
				CLANG_WARN_BLOCK_CAPTURE_AUTORELEASING = YES;
				CLANG_WARN_BOOL_CONVERSION = YES;
				CLANG_WARN_COMMA = YES;
				CLANG_WARN_CONSTANT_CONVERSION = YES;
				CLANG_WARN_DEPRECATED_OBJC_IMPLEMENTATIONS = YES;
				CLANG_WARN_DIRECT_OBJC_ISA_USAGE = YES_ERROR;
				CLANG_WARN_DOCUMENTATION_COMMENTS = YES;
				CLANG_WARN_EMPTY_BODY = YES;
				CLANG_WARN_ENUM_CONVERSION = YES;
				CLANG_WARN_INFINITE_RECURSION = YES;
				CLANG_WARN_INT_CONVERSION = YES;
				CLANG_WARN_NON_LITERAL_NULL_CONVERSION = YES;
				CLANG_WARN_OBJC_IMPLICIT_RETAIN_SELF = YES;
				CLANG_WARN_OBJC_LITERAL_CONVERSION = YES;
				CLANG_WARN_OBJC_ROOT_CLASS = YES_ERROR;
				CLANG_WARN_RANGE_LOOP_ANALYSIS = YES;
				CLANG_WARN_STRICT_PROTOTYPES = YES;
				CLANG_WARN_SUSPICIOUS_MOVE = YES;
				CLANG_WARN_UNGUARDED_AVAILABILITY = YES_AGGRESSIVE;
				CLANG_WARN_UNREACHABLE_CODE = YES;
				CLANG_WARN__DUPLICATE_METHOD_MATCH = YES;
				COPY_PHASE_STRIP = NO;
				DEBUG_INFORMATION_FORMAT = "dwarf-with-dsym";
				ENABLE_NS_ASSERTIONS = NO;
				ENABLE_STRICT_OBJC_MSGSEND = YES;
				GCC_C_LANGUAGE_STANDARD = gnu11;
				GCC_NO_COMMON_BLOCKS = YES;
				GCC_WARN_64_TO_32_BIT_CONVERSION = YES;
				GCC_WARN_ABOUT_RETURN_TYPE = YES_ERROR;
				GCC_WARN_UNDECLARED_SELECTOR = YES;
				GCC_WARN_UNINITIALIZED_AUTOS = YES_AGGRESSIVE;
				GCC_WARN_UNUSED_FUNCTION = YES;
				GCC_WARN_UNUSED_VARIABLE = YES;
				IPHONEOS_DEPLOYMENT_TARGET = 13.2;
				MTL_ENABLE_DEBUG_INFO = NO;
				MTL_FAST_MATH = YES;
				SDKROOT = iphoneos;
				SWIFT_COMPILATION_MODE = wholemodule;
				SWIFT_OPTIMIZATION_LEVEL = "-O";
				VALIDATE_PRODUCT = YES;
			};
			name = Release;
		};
		48A78536267996E60080B2A6 /* Debug */ = {
			isa = XCBuildConfiguration;
			baseConfigurationReference = 9C8AA9911CBEAAFFAC3A2876 /* Pods-getThingsDone.debug.xcconfig */;
			buildSettings = {
				ASSETCATALOG_COMPILER_APPICON_NAME = AppIcon;
				CODE_SIGN_STYLE = Automatic;
				INFOPLIST_FILE = getThingsDone/Info.plist;
				LD_RUNPATH_SEARCH_PATHS = (
					"$(inherited)",
					"@executable_path/Frameworks",
				);
				PRODUCT_BUNDLE_IDENTIFIER = deah.com.getThingsDone;
				PRODUCT_NAME = "$(TARGET_NAME)";
				SWIFT_VERSION = 5.0;
				TARGETED_DEVICE_FAMILY = "1,2";
			};
			name = Debug;
		};
		48A78537267996E60080B2A6 /* Release */ = {
			isa = XCBuildConfiguration;
			baseConfigurationReference = EDEFF282AB3572A46AFFABD6 /* Pods-getThingsDone.release.xcconfig */;
			buildSettings = {
				ASSETCATALOG_COMPILER_APPICON_NAME = AppIcon;
				CODE_SIGN_STYLE = Automatic;
				INFOPLIST_FILE = getThingsDone/Info.plist;
				LD_RUNPATH_SEARCH_PATHS = (
					"$(inherited)",
					"@executable_path/Frameworks",
				);
				PRODUCT_BUNDLE_IDENTIFIER = deah.com.getThingsDone;
				PRODUCT_NAME = "$(TARGET_NAME)";
				SWIFT_VERSION = 5.0;
				TARGETED_DEVICE_FAMILY = "1,2";
			};
			name = Release;
		};
/* End XCBuildConfiguration section */

/* Begin XCConfigurationList section */
		48A7851C267996E60080B2A6 /* Build configuration list for PBXProject "getThingsDone" */ = {
			isa = XCConfigurationList;
			buildConfigurations = (
				48A78533267996E60080B2A6 /* Debug */,
				48A78534267996E60080B2A6 /* Release */,
			);
			defaultConfigurationIsVisible = 0;
			defaultConfigurationName = Release;
		};
		48A78535267996E60080B2A6 /* Build configuration list for PBXNativeTarget "getThingsDone" */ = {
			isa = XCConfigurationList;
			buildConfigurations = (
				48A78536267996E60080B2A6 /* Debug */,
				48A78537267996E60080B2A6 /* Release */,
			);
			defaultConfigurationIsVisible = 0;
			defaultConfigurationName = Release;
		};
/* End XCConfigurationList section */
	};
	rootObject = 48A78519267996E60080B2A6 /* Project object */;
}
